
Microsoft Visual Studio Solution File, Format Version 12.00
Project("{FAE04EC0-301F-11D3-BF4B-00C04F79EFBC}") = "TranslationWebApp", "TranslationWebApp\TranslationWebApp.csproj", "{014CE7D5-5A81-4FED-910D-5879506E9625}"
EndProject
Project("{2150E333-8FDC-42A3-9474-1A3956D46DE8}") = "Solution Items", "Solution Items", "{1EB641FC-A711-429E-9238-6221FC4D9CE7}"
	ProjectSection(SolutionItems) = preProject
		compose.yaml = compose.yaml
	EndProjectSection
EndProject
Project("{2150E333-8FDC-42A3-9474-1A3956D46DE8}") = "0 - UI", "0 - UI", "{D4227895-9258-4C16-BC92-8600993B09CA}"
EndProject
Project("{2150E333-8FDC-42A3-9474-1A3956D46DE8}") = "1 - Services", "1 - Services", "{9941FCEF-8C97-4522-82D5-6946BAE9FAF0}"
EndProject
Project("{2150E333-8FDC-42A3-9474-1A3956D46DE8}") = "2 - Interfaces", "2 - Interfaces", "{2A5B1596-4190-4134-B96B-679958A492B6}"
EndProject
Project("{2150E333-8FDC-42A3-9474-1A3956D46DE8}") = "3 - Common", "3 - Common", "{D729D7D4-2882-449C-B691-0FE9E3FD12BB}"
EndProject
Project("{2150E333-8FDC-42A3-9474-1A3956D46DE8}") = "5 - Tests", "5 - Tests", "{CB608F66-8E28-4840-BBA8-BD47F38C203F}"
EndProject
Project("{FAE04EC0-301F-11D3-BF4B-00C04F79EFBC}") = "Common", "Common\Common.csproj", "{B2471DEE-77AF-4CE4-9B72-2DCF8F44D20B}"
EndProject
Project("{FAE04EC0-301F-11D3-BF4B-00C04F79EFBC}") = "ITranslateService", "ITranslateService\ITranslateService.csproj", "{72333856-90EC-4A34-B8D4-FAD48647B723}"
EndProject
Project("{FAE04EC0-301F-11D3-BF4B-00C04F79EFBC}") = "TranslationService", "TranslationService\TranslationService.csproj", "{5BC7D013-16AD-4F70-BE66-FF4D132302F0}"
EndProject
Project("{FAE04EC0-301F-11D3-BF4B-00C04F79EFBC}") = "TranslationApi", "TranslationApi\TranslationApi.csproj", "{CB31E9D3-ACD4-461A-BAC8-255D93609213}"
EndProject
Project("{FAE04EC0-301F-11D3-BF4B-00C04F79EFBC}") = "Tests", "Tests\Tests.csproj", "{2DE37F80-6F1D-421A-8DD0-CAF1B5ED6FD7}"
EndProject
Project("{FAE04EC0-301F-11D3-BF4B-00C04F79EFBC}") = "IntegrationTests", "IntegrationTests\IntegrationTests.csproj", "{28D55480-4E60-4572-A578-91DFE2BBFEAC}"
EndProject
Global
	GlobalSection(SolutionConfigurationPlatforms) = preSolution
		Debug|Any CPU = Debug|Any CPU
		Release|Any CPU = Release|Any CPU
	EndGlobalSection
	GlobalSection(ProjectConfigurationPlatforms) = postSolution
		{014CE7D5-5A81-4FED-910D-5879506E9625}.Debug|Any CPU.ActiveCfg = Debug|Any CPU
		{014CE7D5-5A81-4FED-910D-5879506E9625}.Debug|Any CPU.Build.0 = Debug|Any CPU
		{014CE7D5-5A81-4FED-910D-5879506E9625}.Release|Any CPU.ActiveCfg = Release|Any CPU
		{014CE7D5-5A81-4FED-910D-5879506E9625}.Release|Any CPU.Build.0 = Release|Any CPU
		{B2471DEE-77AF-4CE4-9B72-2DCF8F44D20B}.Debug|Any CPU.ActiveCfg = Debug|Any CPU
		{B2471DEE-77AF-4CE4-9B72-2DCF8F44D20B}.Debug|Any CPU.Build.0 = Debug|Any CPU
		{B2471DEE-77AF-4CE4-9B72-2DCF8F44D20B}.Release|Any CPU.ActiveCfg = Release|Any CPU
		{B2471DEE-77AF-4CE4-9B72-2DCF8F44D20B}.Release|Any CPU.Build.0 = Release|Any CPU
		{72333856-90EC-4A34-B8D4-FAD48647B723}.Debug|Any CPU.ActiveCfg = Debug|Any CPU
		{72333856-90EC-4A34-B8D4-FAD48647B723}.Debug|Any CPU.Build.0 = Debug|Any CPU
		{72333856-90EC-4A34-B8D4-FAD48647B723}.Release|Any CPU.ActiveCfg = Release|Any CPU
		{72333856-90EC-4A34-B8D4-FAD48647B723}.Release|Any CPU.Build.0 = Release|Any CPU
		{5BC7D013-16AD-4F70-BE66-FF4D132302F0}.Debug|Any CPU.ActiveCfg = Debug|Any CPU
		{5BC7D013-16AD-4F70-BE66-FF4D132302F0}.Debug|Any CPU.Build.0 = Debug|Any CPU
		{5BC7D013-16AD-4F70-BE66-FF4D132302F0}.Release|Any CPU.ActiveCfg = Release|Any CPU
		{5BC7D013-16AD-4F70-BE66-FF4D132302F0}.Release|Any CPU.Build.0 = Release|Any CPU
		{CB31E9D3-ACD4-461A-BAC8-255D93609213}.Debug|Any CPU.ActiveCfg = Debug|Any CPU
		{CB31E9D3-ACD4-461A-BAC8-255D93609213}.Debug|Any CPU.Build.0 = Debug|Any CPU
		{CB31E9D3-ACD4-461A-BAC8-255D93609213}.Release|Any CPU.ActiveCfg = Release|Any CPU
		{CB31E9D3-ACD4-461A-BAC8-255D93609213}.Release|Any CPU.Build.0 = Release|Any CPU
		{2DE37F80-6F1D-421A-8DD0-CAF1B5ED6FD7}.Debug|Any CPU.ActiveCfg = Debug|Any CPU
		{2DE37F80-6F1D-421A-8DD0-CAF1B5ED6FD7}.Debug|Any CPU.Build.0 = Debug|Any CPU
		{2DE37F80-6F1D-421A-8DD0-CAF1B5ED6FD7}.Release|Any CPU.ActiveCfg = Release|Any CPU
		{2DE37F80-6F1D-421A-8DD0-CAF1B5ED6FD7}.Release|Any CPU.Build.0 = Release|Any CPU
		{28D55480-4E60-4572-A578-91DFE2BBFEAC}.Debug|Any CPU.ActiveCfg = Debug|Any CPU
		{28D55480-4E60-4572-A578-91DFE2BBFEAC}.Debug|Any CPU.Build.0 = Debug|Any CPU
		{28D55480-4E60-4572-A578-91DFE2BBFEAC}.Release|Any CPU.ActiveCfg = Release|Any CPU
		{28D55480-4E60-4572-A578-91DFE2BBFEAC}.Release|Any CPU.Build.0 = Release|Any CPU
	EndGlobalSection
	GlobalSection(NestedProjects) = preSolution
		{014CE7D5-5A81-4FED-910D-5879506E9625} = {D4227895-9258-4C16-BC92-8600993B09CA}
		{B2471DEE-77AF-4CE4-9B72-2DCF8F44D20B} = {D729D7D4-2882-449C-B691-0FE9E3FD12BB}
		{72333856-90EC-4A34-B8D4-FAD48647B723} = {2A5B1596-4190-4134-B96B-679958A492B6}
		{5BC7D013-16AD-4F70-BE66-FF4D132302F0} = {9941FCEF-8C97-4522-82D5-6946BAE9FAF0}
		{CB31E9D3-ACD4-461A-BAC8-255D93609213} = {9941FCEF-8C97-4522-82D5-6946BAE9FAF0}
		{2DE37F80-6F1D-421A-8DD0-CAF1B5ED6FD7} = {CB608F66-8E28-4840-BBA8-BD47F38C203F}
		{28D55480-4E60-4572-A578-91DFE2BBFEAC} = {CB608F66-8E28-4840-BBA8-BD47F38C203F}
	EndGlobalSection
EndGlobal
